
Microsoft Visual Studio Solution File, Format Version 12.00
# Visual Studio 15
VisualStudioVersion = 15.0.27004.2009
MinimumVisualStudioVersion = 10.0.40219.1
Project("{FAE04EC0-301F-11D3-BF4B-00C04F79EFBC}") = "JDVUsers", "JDVUsers\JDVUsers.csproj", "{D762D19A-D19E-4B52-844E-D4B8DA3021EE}"
EndProject
Global
	GlobalSection(SolutionConfigurationPlatforms) = preSolution
		Debug|Any CPU = Debug|Any CPU
		Release|Any CPU = Release|Any CPU
	EndGlobalSection
	GlobalSection(ProjectConfigurationPlatforms) = postSolution
		{D762D19A-D19E-4B52-844E-D4B8DA3021EE}.Debug|Any CPU.ActiveCfg = Debug|Any CPU
		{D762D19A-D19E-4B52-844E-D4B8DA3021EE}.Debug|Any CPU.Build.0 = Debug|Any CPU
		{D762D19A-D19E-4B52-844E-D4B8DA3021EE}.Release|Any CPU.ActiveCfg = Release|Any CPU
		{D762D19A-D19E-4B52-844E-D4B8DA3021EE}.Release|Any CPU.Build.0 = Release|Any CPU
	EndGlobalSection
	GlobalSection(SolutionProperties) = preSolution
		HideSolutionNode = FALSE
	EndGlobalSection
	GlobalSection(ExtensibilityGlobals) = postSolution
		SolutionGuid = {A4E92484-6654-4C68-A44D-FA017EBB7C36}
	EndGlobalSection
EndGlobal
